
Microsoft Visual Studio Solution File, Format Version 12.00
# Visual Studio Version 17
VisualStudioVersion = 17.2.32602.215
MinimumVisualStudioVersion = 10.0.40219.1
Project("{9A19103F-16F7-4668-BE54-9A1E7A4F7556}") = "Jobsity.Chatroom", "Jobsity.Chatroom\Jobsity.Chatroom.csproj", "{F814106C-AF78-4E9E-A7BF-090613BF87D4}"
EndProject
Project("{9A19103F-16F7-4668-BE54-9A1E7A4F7556}") = "Jobsity.Common", "Jobsity.Common\Jobsity.Common.csproj", "{BEEAD7AA-8EF4-445E-9722-D22FACA738C6}"
EndProject
Project("{9A19103F-16F7-4668-BE54-9A1E7A4F7556}") = "Jobsity.Bot", "Jobsity.Bot\Jobsity.Bot.csproj", "{6F9FC1AC-D506-4AAD-B918-408C713E17B4}"
EndProject
Project("{9A19103F-16F7-4668-BE54-9A1E7A4F7556}") = "Jobsity.Tests", "Jobsity.Tests\Jobsity.Tests.csproj", "{399F6017-74DD-43F5-A314-89E49932A115}"
EndProject
Global
	GlobalSection(SolutionConfigurationPlatforms) = preSolution
		Debug|Any CPU = Debug|Any CPU
		Release|Any CPU = Release|Any CPU
	EndGlobalSection
	GlobalSection(ProjectConfigurationPlatforms) = postSolution
		{F814106C-AF78-4E9E-A7BF-090613BF87D4}.Debug|Any CPU.ActiveCfg = Debug|Any CPU
		{F814106C-AF78-4E9E-A7BF-090613BF87D4}.Debug|Any CPU.Build.0 = Debug|Any CPU
		{F814106C-AF78-4E9E-A7BF-090613BF87D4}.Release|Any CPU.ActiveCfg = Release|Any CPU
		{F814106C-AF78-4E9E-A7BF-090613BF87D4}.Release|Any CPU.Build.0 = Release|Any CPU
		{BEEAD7AA-8EF4-445E-9722-D22FACA738C6}.Debug|Any CPU.ActiveCfg = Debug|Any CPU
		{BEEAD7AA-8EF4-445E-9722-D22FACA738C6}.Debug|Any CPU.Build.0 = Debug|Any CPU
		{BEEAD7AA-8EF4-445E-9722-D22FACA738C6}.Release|Any CPU.ActiveCfg = Release|Any CPU
		{BEEAD7AA-8EF4-445E-9722-D22FACA738C6}.Release|Any CPU.Build.0 = Release|Any CPU
		{6F9FC1AC-D506-4AAD-B918-408C713E17B4}.Debug|Any CPU.ActiveCfg = Debug|Any CPU
		{6F9FC1AC-D506-4AAD-B918-408C713E17B4}.Debug|Any CPU.Build.0 = Debug|Any CPU
		{6F9FC1AC-D506-4AAD-B918-408C713E17B4}.Release|Any CPU.ActiveCfg = Release|Any CPU
		{6F9FC1AC-D506-4AAD-B918-408C713E17B4}.Release|Any CPU.Build.0 = Release|Any CPU
		{399F6017-74DD-43F5-A314-89E49932A115}.Debug|Any CPU.ActiveCfg = Debug|Any CPU
		{399F6017-74DD-43F5-A314-89E49932A115}.Debug|Any CPU.Build.0 = Debug|Any CPU
		{399F6017-74DD-43F5-A314-89E49932A115}.Release|Any CPU.ActiveCfg = Release|Any CPU
		{399F6017-74DD-43F5-A314-89E49932A115}.Release|Any CPU.Build.0 = Release|Any CPU
	EndGlobalSection
	GlobalSection(SolutionProperties) = preSolution
		HideSolutionNode = FALSE
	EndGlobalSection
	GlobalSection(ExtensibilityGlobals) = postSolution
		SolutionGuid = {DAE11406-D39C-4411-BA4E-B021360CAA3A}
	EndGlobalSection
EndGlobal
